{
  "name": "heatmap-v2",
  "lockfileVersion": 2,
  "requires": true,
  "packages": {
    "": {
      "dependencies": {
        "@types/leaflet": "^1.7.0",
        "leaflet.heat": "^0.2.0"
      }
    },
    "node_modules/@types/geojson": {
      "version": "7946.0.7",
      "resolved": "https://registry.npmjs.org/@types/geojson/-/geojson-7946.0.7.tgz",
      "integrity": "sha512-wE2v81i4C4Ol09RtsWFAqg3BUitWbHSpSlIo+bNdsCJijO9sjme+zm+73ZMCa/qMC8UEERxzGbvmr1cffo2SiQ=="
    },
    "node_modules/@types/leaflet": {
      "version": "1.7.0",
      "resolved": "https://registry.npmjs.org/@types/leaflet/-/leaflet-1.7.0.tgz",
      "integrity": "sha512-ltv5jR+VjKSMtoDkxH61Rsbo0zLU7iqyOXpVPkAX4F+79fg2eymC7t0msWsfNaEZO1FGTIQATCCCQe+ijWoicg==",
      "dependencies": {
        "@types/geojson": "*"
      }
    },
    "node_modules/leaflet.heat": {
      "version": "0.2.0",
      "resolved": "https://registry.npmjs.org/leaflet.heat/-/leaflet.heat-0.2.0.tgz",
      "integrity": "sha1-EJ2M9Ybwre5B8Fr/Ax4np3/swik="
    }
  },
  "dependencies": {
    "@types/geojson": {
      "version": "7946.0.7",
      "resolved": "https://registry.npmjs.org/@types/geojson/-/geojson-7946.0.7.tgz",
      "integrity": "sha512-wE2v81i4C4Ol09RtsWFAqg3BUitWbHSpSlIo+bNdsCJijO9sjme+zm+73ZMCa/qMC8UEERxzGbvmr1cffo2SiQ=="
    },
    "@types/leaflet": {
      "version": "1.7.0",
      "resolved": "https://registry.npmjs.org/@types/leaflet/-/leaflet-1.7.0.tgz",
      "integrity": "sha512-ltv5jR+VjKSMtoDkxH61Rsbo0zLU7iqyOXpVPkAX4F+79fg2eymC7t0msWsfNaEZO1FGTIQATCCCQe+ijWoicg==",
      "requires": {
        "@types/geojson": "*"
      }
    },
    "leaflet.heat": {
      "version": "0.2.0",
      "resolved": "https://registry.npmjs.org/leaflet.heat/-/leaflet.heat-0.2.0.tgz",
      "integrity": "sha1-EJ2M9Ybwre5B8Fr/Ax4np3/swik="
    }
  }
}
